
Microsoft Visual Studio Solution File, Format Version 12.00
# Visual Studio Version 16
VisualStudioVersion = 16.0.30309.148
MinimumVisualStudioVersion = 10.0.40219.1
Project("{9A19103F-16F7-4668-BE54-9A1E7A4F7556}") = "OneForDotNet.Core", "OneForDotNet.Core\OneForDotNet.Core.csproj", "{82AD0169-2FEC-4B54-B96F-1E1AAAE51840}"
EndProject
Project("{9A19103F-16F7-4668-BE54-9A1E7A4F7556}") = "OneForDotNet.WebAPI", "OneForDotNet.WebAPI\OneForDotNet.WebAPI.csproj", "{CAE399C8-493E-4D19-B3B4-D4F90B8250D4}"
EndProject
Project("{9A19103F-16F7-4668-BE54-9A1E7A4F7556}") = "OneForDotNet.Blazor", "OneForDotNet.Blazor\OneForDotNet.Blazor.csproj", "{8C6CEA0D-65FB-4A5C-AAAC-90768931F499}"
EndProject
Project("{9A19103F-16F7-4668-BE54-9A1E7A4F7556}") = "OneForDotNet.Model", "OneForDotNet.Model\OneForDotNet.Model.csproj", "{6440ECD7-0029-41AF-B3F5-DF82873D7706}"
EndProject
Project("{9A19103F-16F7-4668-BE54-9A1E7A4F7556}") = "OneForDotNet.WPF", "OneForDotNet.WPF\OneForDotNet.WPF.csproj", "{53A79E10-EE74-474F-832C-00D81604C519}"
EndProject
Project("{FAE04EC0-301F-11D3-BF4B-00C04F79EFBC}") = "OneForDotNet.Xamarin.Android", "OneForDotNet.Xamarin\OneForDotNet.Xamarin.Android\OneForDotNet.Xamarin.Android.csproj", "{570AA03C-2052-49B6-B8B7-98C489D58E8D}"
EndProject
Project("{9A19103F-16F7-4668-BE54-9A1E7A4F7556}") = "OneForDotNet.Xamarin", "OneForDotNet.Xamarin\OneForDotNet.Xamarin\OneForDotNet.Xamarin.csproj", "{0382AD68-9824-4F71-AEB2-804232615540}"
EndProject
Project("{FAE04EC0-301F-11D3-BF4B-00C04F79EFBC}") = "OneForDotNet.Xamarin.UWP", "OneForDotNet.Xamarin\OneForDotNet.Xamarin.UWP\OneForDotNet.Xamarin.UWP.csproj", "{C943F52D-3152-4BA7-BA86-96DD510568A2}"
EndProject
Global
	GlobalSection(SolutionConfigurationPlatforms) = preSolution
		Debug|Any CPU = Debug|Any CPU
		Debug|ARM = Debug|ARM
		Debug|iPhone = Debug|iPhone
		Debug|iPhoneSimulator = Debug|iPhoneSimulator
		Debug|x64 = Debug|x64
		Debug|x86 = Debug|x86
		Release|Any CPU = Release|Any CPU
		Release|ARM = Release|ARM
		Release|iPhone = Release|iPhone
		Release|iPhoneSimulator = Release|iPhoneSimulator
		Release|x64 = Release|x64
		Release|x86 = Release|x86
	EndGlobalSection
	GlobalSection(ProjectConfigurationPlatforms) = postSolution
		{82AD0169-2FEC-4B54-B96F-1E1AAAE51840}.Debug|Any CPU.ActiveCfg = Debug|Any CPU
		{82AD0169-2FEC-4B54-B96F-1E1AAAE51840}.Debug|Any CPU.Build.0 = Debug|Any CPU
		{82AD0169-2FEC-4B54-B96F-1E1AAAE51840}.Debug|ARM.ActiveCfg = Debug|Any CPU
		{82AD0169-2FEC-4B54-B96F-1E1AAAE51840}.Debug|ARM.Build.0 = Debug|Any CPU
		{82AD0169-2FEC-4B54-B96F-1E1AAAE51840}.Debug|iPhone.ActiveCfg = Debug|Any CPU
		{82AD0169-2FEC-4B54-B96F-1E1AAAE51840}.Debug|iPhone.Build.0 = Debug|Any CPU
		{82AD0169-2FEC-4B54-B96F-1E1AAAE51840}.Debug|iPhoneSimulator.ActiveCfg = Debug|Any CPU
		{82AD0169-2FEC-4B54-B96F-1E1AAAE51840}.Debug|iPhoneSimulator.Build.0 = Debug|Any CPU
		{82AD0169-2FEC-4B54-B96F-1E1AAAE51840}.Debug|x64.ActiveCfg = Debug|Any CPU
		{82AD0169-2FEC-4B54-B96F-1E1AAAE51840}.Debug|x64.Build.0 = Debug|Any CPU
		{82AD0169-2FEC-4B54-B96F-1E1AAAE51840}.Debug|x86.ActiveCfg = Debug|Any CPU
		{82AD0169-2FEC-4B54-B96F-1E1AAAE51840}.Debug|x86.Build.0 = Debug|Any CPU
		{82AD0169-2FEC-4B54-B96F-1E1AAAE51840}.Release|Any CPU.ActiveCfg = Release|Any CPU
		{82AD0169-2FEC-4B54-B96F-1E1AAAE51840}.Release|Any CPU.Build.0 = Release|Any CPU
		{82AD0169-2FEC-4B54-B96F-1E1AAAE51840}.Release|ARM.ActiveCfg = Release|Any CPU
		{82AD0169-2FEC-4B54-B96F-1E1AAAE51840}.Release|ARM.Build.0 = Release|Any CPU
		{82AD0169-2FEC-4B54-B96F-1E1AAAE51840}.Release|iPhone.ActiveCfg = Release|Any CPU
		{82AD0169-2FEC-4B54-B96F-1E1AAAE51840}.Release|iPhone.Build.0 = Release|Any CPU
		{82AD0169-2FEC-4B54-B96F-1E1AAAE51840}.Release|iPhoneSimulator.ActiveCfg = Release|Any CPU
		{82AD0169-2FEC-4B54-B96F-1E1AAAE51840}.Release|iPhoneSimulator.Build.0 = Release|Any CPU
		{82AD0169-2FEC-4B54-B96F-1E1AAAE51840}.Release|x64.ActiveCfg = Release|Any CPU
		{82AD0169-2FEC-4B54-B96F-1E1AAAE51840}.Release|x64.Build.0 = Release|Any CPU
		{82AD0169-2FEC-4B54-B96F-1E1AAAE51840}.Release|x86.ActiveCfg = Release|Any CPU
		{82AD0169-2FEC-4B54-B96F-1E1AAAE51840}.Release|x86.Build.0 = Release|Any CPU
		{CAE399C8-493E-4D19-B3B4-D4F90B8250D4}.Debug|Any CPU.ActiveCfg = Debug|Any CPU
		{CAE399C8-493E-4D19-B3B4-D4F90B8250D4}.Debug|Any CPU.Build.0 = Debug|Any CPU
		{CAE399C8-493E-4D19-B3B4-D4F90B8250D4}.Debug|ARM.ActiveCfg = Debug|Any CPU
		{CAE399C8-493E-4D19-B3B4-D4F90B8250D4}.Debug|ARM.Build.0 = Debug|Any CPU
		{CAE399C8-493E-4D19-B3B4-D4F90B8250D4}.Debug|iPhone.ActiveCfg = Debug|Any CPU
		{CAE399C8-493E-4D19-B3B4-D4F90B8250D4}.Debug|iPhone.Build.0 = Debug|Any CPU
		{CAE399C8-493E-4D19-B3B4-D4F90B8250D4}.Debug|iPhoneSimulator.ActiveCfg = Debug|Any CPU
		{CAE399C8-493E-4D19-B3B4-D4F90B8250D4}.Debug|iPhoneSimulator.Build.0 = Debug|Any CPU
		{CAE399C8-493E-4D19-B3B4-D4F90B8250D4}.Debug|x64.ActiveCfg = Debug|Any CPU
		{CAE399C8-493E-4D19-B3B4-D4F90B8250D4}.Debug|x64.Build.0 = Debug|Any CPU
		{CAE399C8-493E-4D19-B3B4-D4F90B8250D4}.Debug|x86.ActiveCfg = Debug|Any CPU
		{CAE399C8-493E-4D19-B3B4-D4F90B8250D4}.Debug|x86.Build.0 = Debug|Any CPU
		{CAE399C8-493E-4D19-B3B4-D4F90B8250D4}.Release|Any CPU.ActiveCfg = Release|Any CPU
		{CAE399C8-493E-4D19-B3B4-D4F90B8250D4}.Release|Any CPU.Build.0 = Release|Any CPU
		{CAE399C8-493E-4D19-B3B4-D4F90B8250D4}.Release|ARM.ActiveCfg = Release|Any CPU
		{CAE399C8-493E-4D19-B3B4-D4F90B8250D4}.Release|ARM.Build.0 = Release|Any CPU
		{CAE399C8-493E-4D19-B3B4-D4F90B8250D4}.Release|iPhone.ActiveCfg = Release|Any CPU
		{CAE399C8-493E-4D19-B3B4-D4F90B8250D4}.Release|iPhone.Build.0 = Release|Any CPU
		{CAE399C8-493E-4D19-B3B4-D4F90B8250D4}.Release|iPhoneSimulator.ActiveCfg = Release|Any CPU
		{CAE399C8-493E-4D19-B3B4-D4F90B8250D4}.Release|iPhoneSimulator.Build.0 = Release|Any CPU
		{CAE399C8-493E-4D19-B3B4-D4F90B8250D4}.Release|x64.ActiveCfg = Release|Any CPU
		{CAE399C8-493E-4D19-B3B4-D4F90B8250D4}.Release|x64.Build.0 = Release|Any CPU
		{CAE399C8-493E-4D19-B3B4-D4F90B8250D4}.Release|x86.ActiveCfg = Release|Any CPU
		{CAE399C8-493E-4D19-B3B4-D4F90B8250D4}.Release|x86.Build.0 = Release|Any CPU
		{8C6CEA0D-65FB-4A5C-AAAC-90768931F499}.Debug|Any CPU.ActiveCfg = Debug|Any CPU
		{8C6CEA0D-65FB-4A5C-AAAC-90768931F499}.Debug|Any CPU.Build.0 = Debug|Any CPU
		{8C6CEA0D-65FB-4A5C-AAAC-90768931F499}.Debug|ARM.ActiveCfg = Debug|Any CPU
		{8C6CEA0D-65FB-4A5C-AAAC-90768931F499}.Debug|ARM.Build.0 = Debug|Any CPU
		{8C6CEA0D-65FB-4A5C-AAAC-90768931F499}.Debug|iPhone.ActiveCfg = Debug|Any CPU
		{8C6CEA0D-65FB-4A5C-AAAC-90768931F499}.Debug|iPhone.Build.0 = Debug|Any CPU
		{8C6CEA0D-65FB-4A5C-AAAC-90768931F499}.Debug|iPhoneSimulator.ActiveCfg = Debug|Any CPU
		{8C6CEA0D-65FB-4A5C-AAAC-90768931F499}.Debug|iPhoneSimulator.Build.0 = Debug|Any CPU
		{8C6CEA0D-65FB-4A5C-AAAC-90768931F499}.Debug|x64.ActiveCfg = Debug|Any CPU
		{8C6CEA0D-65FB-4A5C-AAAC-90768931F499}.Debug|x64.Build.0 = Debug|Any CPU
		{8C6CEA0D-65FB-4A5C-AAAC-90768931F499}.Debug|x86.ActiveCfg = Debug|Any CPU
		{8C6CEA0D-65FB-4A5C-AAAC-90768931F499}.Debug|x86.Build.0 = Debug|Any CPU
		{8C6CEA0D-65FB-4A5C-AAAC-90768931F499}.Release|Any CPU.ActiveCfg = Release|Any CPU
		{8C6CEA0D-65FB-4A5C-AAAC-90768931F499}.Release|Any CPU.Build.0 = Release|Any CPU
		{8C6CEA0D-65FB-4A5C-AAAC-90768931F499}.Release|ARM.ActiveCfg = Release|Any CPU
		{8C6CEA0D-65FB-4A5C-AAAC-90768931F499}.Release|ARM.Build.0 = Release|Any CPU
		{8C6CEA0D-65FB-4A5C-AAAC-90768931F499}.Release|iPhone.ActiveCfg = Release|Any CPU
		{8C6CEA0D-65FB-4A5C-AAAC-90768931F499}.Release|iPhone.Build.0 = Release|Any CPU
		{8C6CEA0D-65FB-4A5C-AAAC-90768931F499}.Release|iPhoneSimulator.ActiveCfg = Release|Any CPU
		{8C6CEA0D-65FB-4A5C-AAAC-90768931F499}.Release|iPhoneSimulator.Build.0 = Release|Any CPU
		{8C6CEA0D-65FB-4A5C-AAAC-90768931F499}.Release|x64.ActiveCfg = Release|Any CPU
		{8C6CEA0D-65FB-4A5C-AAAC-90768931F499}.Release|x64.Build.0 = Release|Any CPU
		{8C6CEA0D-65FB-4A5C-AAAC-90768931F499}.Release|x86.ActiveCfg = Release|Any CPU
		{8C6CEA0D-65FB-4A5C-AAAC-90768931F499}.Release|x86.Build.0 = Release|Any CPU
		{6440ECD7-0029-41AF-B3F5-DF82873D7706}.Debug|Any CPU.ActiveCfg = Debug|Any CPU
		{6440ECD7-0029-41AF-B3F5-DF82873D7706}.Debug|Any CPU.Build.0 = Debug|Any CPU
		{6440ECD7-0029-41AF-B3F5-DF82873D7706}.Debug|ARM.ActiveCfg = Debug|Any CPU
		{6440ECD7-0029-41AF-B3F5-DF82873D7706}.Debug|ARM.Build.0 = Debug|Any CPU
		{6440ECD7-0029-41AF-B3F5-DF82873D7706}.Debug|iPhone.ActiveCfg = Debug|Any CPU
		{6440ECD7-0029-41AF-B3F5-DF82873D7706}.Debug|iPhone.Build.0 = Debug|Any CPU
		{6440ECD7-0029-41AF-B3F5-DF82873D7706}.Debug|iPhoneSimulator.ActiveCfg = Debug|Any CPU
		{6440ECD7-0029-41AF-B3F5-DF82873D7706}.Debug|iPhoneSimulator.Build.0 = Debug|Any CPU
		{6440ECD7-0029-41AF-B3F5-DF82873D7706}.Debug|x64.ActiveCfg = Debug|Any CPU
		{6440ECD7-0029-41AF-B3F5-DF82873D7706}.Debug|x64.Build.0 = Debug|Any CPU
		{6440ECD7-0029-41AF-B3F5-DF82873D7706}.Debug|x86.ActiveCfg = Debug|Any CPU
		{6440ECD7-0029-41AF-B3F5-DF82873D7706}.Debug|x86.Build.0 = Debug|Any CPU
		{6440ECD7-0029-41AF-B3F5-DF82873D7706}.Release|Any CPU.ActiveCfg = Release|Any CPU
		{6440ECD7-0029-41AF-B3F5-DF82873D7706}.Release|Any CPU.Build.0 = Release|Any CPU
		{6440ECD7-0029-41AF-B3F5-DF82873D7706}.Release|ARM.ActiveCfg = Release|Any CPU
		{6440ECD7-0029-41AF-B3F5-DF82873D7706}.Release|ARM.Build.0 = Release|Any CPU
		{6440ECD7-0029-41AF-B3F5-DF82873D7706}.Release|iPhone.ActiveCfg = Release|Any CPU
		{6440ECD7-0029-41AF-B3F5-DF82873D7706}.Release|iPhone.Build.0 = Release|Any CPU
		{6440ECD7-0029-41AF-B3F5-DF82873D7706}.Release|iPhoneSimulator.ActiveCfg = Release|Any CPU
		{6440ECD7-0029-41AF-B3F5-DF82873D7706}.Release|iPhoneSimulator.Build.0 = Release|Any CPU
		{6440ECD7-0029-41AF-B3F5-DF82873D7706}.Release|x64.ActiveCfg = Release|Any CPU
		{6440ECD7-0029-41AF-B3F5-DF82873D7706}.Release|x64.Build.0 = Release|Any CPU
		{6440ECD7-0029-41AF-B3F5-DF82873D7706}.Release|x86.ActiveCfg = Release|Any CPU
		{6440ECD7-0029-41AF-B3F5-DF82873D7706}.Release|x86.Build.0 = Release|Any CPU
		{53A79E10-EE74-474F-832C-00D81604C519}.Debug|Any CPU.ActiveCfg = Debug|Any CPU
		{53A79E10-EE74-474F-832C-00D81604C519}.Debug|Any CPU.Build.0 = Debug|Any CPU
		{53A79E10-EE74-474F-832C-00D81604C519}.Debug|ARM.ActiveCfg = Debug|Any CPU
		{53A79E10-EE74-474F-832C-00D81604C519}.Debug|ARM.Build.0 = Debug|Any CPU
		{53A79E10-EE74-474F-832C-00D81604C519}.Debug|iPhone.ActiveCfg = Debug|Any CPU
		{53A79E10-EE74-474F-832C-00D81604C519}.Debug|iPhone.Build.0 = Debug|Any CPU
		{53A79E10-EE74-474F-832C-00D81604C519}.Debug|iPhoneSimulator.ActiveCfg = Debug|Any CPU
		{53A79E10-EE74-474F-832C-00D81604C519}.Debug|iPhoneSimulator.Build.0 = Debug|Any CPU
		{53A79E10-EE74-474F-832C-00D81604C519}.Debug|x64.ActiveCfg = Debug|Any CPU
		{53A79E10-EE74-474F-832C-00D81604C519}.Debug|x64.Build.0 = Debug|Any CPU
		{53A79E10-EE74-474F-832C-00D81604C519}.Debug|x86.ActiveCfg = Debug|Any CPU
		{53A79E10-EE74-474F-832C-00D81604C519}.Debug|x86.Build.0 = Debug|Any CPU
		{53A79E10-EE74-474F-832C-00D81604C519}.Release|Any CPU.ActiveCfg = Release|Any CPU
		{53A79E10-EE74-474F-832C-00D81604C519}.Release|Any CPU.Build.0 = Release|Any CPU
		{53A79E10-EE74-474F-832C-00D81604C519}.Release|ARM.ActiveCfg = Release|Any CPU
		{53A79E10-EE74-474F-832C-00D81604C519}.Release|ARM.Build.0 = Release|Any CPU
		{53A79E10-EE74-474F-832C-00D81604C519}.Release|iPhone.ActiveCfg = Release|Any CPU
		{53A79E10-EE74-474F-832C-00D81604C519}.Release|iPhone.Build.0 = Release|Any CPU
		{53A79E10-EE74-474F-832C-00D81604C519}.Release|iPhoneSimulator.ActiveCfg = Release|Any CPU
		{53A79E10-EE74-474F-832C-00D81604C519}.Release|iPhoneSimulator.Build.0 = Release|Any CPU
		{53A79E10-EE74-474F-832C-00D81604C519}.Release|x64.ActiveCfg = Release|Any CPU
		{53A79E10-EE74-474F-832C-00D81604C519}.Release|x64.Build.0 = Release|Any CPU
		{53A79E10-EE74-474F-832C-00D81604C519}.Release|x86.ActiveCfg = Release|Any CPU
		{53A79E10-EE74-474F-832C-00D81604C519}.Release|x86.Build.0 = Release|Any CPU
		{570AA03C-2052-49B6-B8B7-98C489D58E8D}.Debug|Any CPU.ActiveCfg = Debug|Any CPU
		{570AA03C-2052-49B6-B8B7-98C489D58E8D}.Debug|Any CPU.Build.0 = Debug|Any CPU
		{570AA03C-2052-49B6-B8B7-98C489D58E8D}.Debug|Any CPU.Deploy.0 = Debug|Any CPU
		{570AA03C-2052-49B6-B8B7-98C489D58E8D}.Debug|ARM.ActiveCfg = Debug|Any CPU
		{570AA03C-2052-49B6-B8B7-98C489D58E8D}.Debug|ARM.Build.0 = Debug|Any CPU
		{570AA03C-2052-49B6-B8B7-98C489D58E8D}.Debug|ARM.Deploy.0 = Debug|Any CPU
		{570AA03C-2052-49B6-B8B7-98C489D58E8D}.Debug|iPhone.ActiveCfg = Debug|Any CPU
		{570AA03C-2052-49B6-B8B7-98C489D58E8D}.Debug|iPhone.Build.0 = Debug|Any CPU
		{570AA03C-2052-49B6-B8B7-98C489D58E8D}.Debug|iPhone.Deploy.0 = Debug|Any CPU
		{570AA03C-2052-49B6-B8B7-98C489D58E8D}.Debug|iPhoneSimulator.ActiveCfg = Debug|Any CPU
		{570AA03C-2052-49B6-B8B7-98C489D58E8D}.Debug|iPhoneSimulator.Build.0 = Debug|Any CPU
		{570AA03C-2052-49B6-B8B7-98C489D58E8D}.Debug|iPhoneSimulator.Deploy.0 = Debug|Any CPU
		{570AA03C-2052-49B6-B8B7-98C489D58E8D}.Debug|x64.ActiveCfg = Debug|Any CPU
		{570AA03C-2052-49B6-B8B7-98C489D58E8D}.Debug|x64.Build.0 = Debug|Any CPU
		{570AA03C-2052-49B6-B8B7-98C489D58E8D}.Debug|x64.Deploy.0 = Debug|Any CPU
		{570AA03C-2052-49B6-B8B7-98C489D58E8D}.Debug|x86.ActiveCfg = Debug|Any CPU
		{570AA03C-2052-49B6-B8B7-98C489D58E8D}.Debug|x86.Build.0 = Debug|Any CPU
		{570AA03C-2052-49B6-B8B7-98C489D58E8D}.Debug|x86.Deploy.0 = Debug|Any CPU
		{570AA03C-2052-49B6-B8B7-98C489D58E8D}.Release|Any CPU.ActiveCfg = Release|Any CPU
		{570AA03C-2052-49B6-B8B7-98C489D58E8D}.Release|Any CPU.Build.0 = Release|Any CPU
		{570AA03C-2052-49B6-B8B7-98C489D58E8D}.Release|Any CPU.Deploy.0 = Release|Any CPU
		{570AA03C-2052-49B6-B8B7-98C489D58E8D}.Release|ARM.ActiveCfg = Release|Any CPU
		{570AA03C-2052-49B6-B8B7-98C489D58E8D}.Release|ARM.Build.0 = Release|Any CPU
		{570AA03C-2052-49B6-B8B7-98C489D58E8D}.Release|ARM.Deploy.0 = Release|Any CPU
		{570AA03C-2052-49B6-B8B7-98C489D58E8D}.Release|iPhone.ActiveCfg = Release|Any CPU
		{570AA03C-2052-49B6-B8B7-98C489D58E8D}.Release|iPhone.Build.0 = Release|Any CPU
		{570AA03C-2052-49B6-B8B7-98C489D58E8D}.Release|iPhone.Deploy.0 = Release|Any CPU
		{570AA03C-2052-49B6-B8B7-98C489D58E8D}.Release|iPhoneSimulator.ActiveCfg = Release|Any CPU
		{570AA03C-2052-49B6-B8B7-98C489D58E8D}.Release|iPhoneSimulator.Build.0 = Release|Any CPU
		{570AA03C-2052-49B6-B8B7-98C489D58E8D}.Release|iPhoneSimulator.Deploy.0 = Release|Any CPU
		{570AA03C-2052-49B6-B8B7-98C489D58E8D}.Release|x64.ActiveCfg = Release|Any CPU
		{570AA03C-2052-49B6-B8B7-98C489D58E8D}.Release|x64.Build.0 = Release|Any CPU
		{570AA03C-2052-49B6-B8B7-98C489D58E8D}.Release|x64.Deploy.0 = Release|Any CPU
		{570AA03C-2052-49B6-B8B7-98C489D58E8D}.Release|x86.ActiveCfg = Release|Any CPU
		{570AA03C-2052-49B6-B8B7-98C489D58E8D}.Release|x86.Build.0 = Release|Any CPU
		{570AA03C-2052-49B6-B8B7-98C489D58E8D}.Release|x86.Deploy.0 = Release|Any CPU
		{0382AD68-9824-4F71-AEB2-804232615540}.Debug|Any CPU.ActiveCfg = Debug|Any CPU
		{0382AD68-9824-4F71-AEB2-804232615540}.Debug|Any CPU.Build.0 = Debug|Any CPU
		{0382AD68-9824-4F71-AEB2-804232615540}.Debug|ARM.ActiveCfg = Debug|Any CPU
		{0382AD68-9824-4F71-AEB2-804232615540}.Debug|ARM.Build.0 = Debug|Any CPU
		{0382AD68-9824-4F71-AEB2-804232615540}.Debug|iPhone.ActiveCfg = Debug|Any CPU
		{0382AD68-9824-4F71-AEB2-804232615540}.Debug|iPhone.Build.0 = Debug|Any CPU
		{0382AD68-9824-4F71-AEB2-804232615540}.Debug|iPhoneSimulator.ActiveCfg = Debug|Any CPU
		{0382AD68-9824-4F71-AEB2-804232615540}.Debug|iPhoneSimulator.Build.0 = Debug|Any CPU
		{0382AD68-9824-4F71-AEB2-804232615540}.Debug|x64.ActiveCfg = Debug|Any CPU
		{0382AD68-9824-4F71-AEB2-804232615540}.Debug|x64.Build.0 = Debug|Any CPU
		{0382AD68-9824-4F71-AEB2-804232615540}.Debug|x86.ActiveCfg = Debug|Any CPU
		{0382AD68-9824-4F71-AEB2-804232615540}.Debug|x86.Build.0 = Debug|Any CPU
		{0382AD68-9824-4F71-AEB2-804232615540}.Release|Any CPU.ActiveCfg = Release|Any CPU
		{0382AD68-9824-4F71-AEB2-804232615540}.Release|Any CPU.Build.0 = Release|Any CPU
		{0382AD68-9824-4F71-AEB2-804232615540}.Release|ARM.ActiveCfg = Release|Any CPU
		{0382AD68-9824-4F71-AEB2-804232615540}.Release|ARM.Build.0 = Release|Any CPU
		{0382AD68-9824-4F71-AEB2-804232615540}.Release|iPhone.ActiveCfg = Release|Any CPU
		{0382AD68-9824-4F71-AEB2-804232615540}.Release|iPhone.Build.0 = Release|Any CPU
		{0382AD68-9824-4F71-AEB2-804232615540}.Release|iPhoneSimulator.ActiveCfg = Release|Any CPU
		{0382AD68-9824-4F71-AEB2-804232615540}.Release|iPhoneSimulator.Build.0 = Release|Any CPU
		{0382AD68-9824-4F71-AEB2-804232615540}.Release|x64.ActiveCfg = Release|Any CPU
		{0382AD68-9824-4F71-AEB2-804232615540}.Release|x64.Build.0 = Release|Any CPU
		{0382AD68-9824-4F71-AEB2-804232615540}.Release|x86.ActiveCfg = Release|Any CPU
		{0382AD68-9824-4F71-AEB2-804232615540}.Release|x86.Build.0 = Release|Any CPU
		{C943F52D-3152-4BA7-BA86-96DD510568A2}.Debug|Any CPU.ActiveCfg = Debug|x86
		{C943F52D-3152-4BA7-BA86-96DD510568A2}.Debug|ARM.ActiveCfg = Debug|ARM
		{C943F52D-3152-4BA7-BA86-96DD510568A2}.Debug|ARM.Build.0 = Debug|ARM
		{C943F52D-3152-4BA7-BA86-96DD510568A2}.Debug|ARM.Deploy.0 = Debug|ARM
		{C943F52D-3152-4BA7-BA86-96DD510568A2}.Debug|iPhone.ActiveCfg = Debug|x86
		{C943F52D-3152-4BA7-BA86-96DD510568A2}.Debug|iPhoneSimulator.ActiveCfg = Debug|x86
		{C943F52D-3152-4BA7-BA86-96DD510568A2}.Debug|x64.ActiveCfg = Debug|x64
		{C943F52D-3152-4BA7-BA86-96DD510568A2}.Debug|x64.Build.0 = Debug|x64
		{C943F52D-3152-4BA7-BA86-96DD510568A2}.Debug|x64.Deploy.0 = Debug|x64
		{C943F52D-3152-4BA7-BA86-96DD510568A2}.Debug|x86.ActiveCfg = Debug|x86
		{C943F52D-3152-4BA7-BA86-96DD510568A2}.Debug|x86.Build.0 = Debug|x86
		{C943F52D-3152-4BA7-BA86-96DD510568A2}.Debug|x86.Deploy.0 = Debug|x86
		{C943F52D-3152-4BA7-BA86-96DD510568A2}.Release|Any CPU.ActiveCfg = Release|x86
		{C943F52D-3152-4BA7-BA86-96DD510568A2}.Release|ARM.ActiveCfg = Release|ARM
		{C943F52D-3152-4BA7-BA86-96DD510568A2}.Release|ARM.Build.0 = Release|ARM
		{C943F52D-3152-4BA7-BA86-96DD510568A2}.Release|ARM.Deploy.0 = Release|ARM
		{C943F52D-3152-4BA7-BA86-96DD510568A2}.Release|iPhone.ActiveCfg = Release|x86
		{C943F52D-3152-4BA7-BA86-96DD510568A2}.Release|iPhoneSimulator.ActiveCfg = Release|x86
		{C943F52D-3152-4BA7-BA86-96DD510568A2}.Release|x64.ActiveCfg = Release|x64
		{C943F52D-3152-4BA7-BA86-96DD510568A2}.Release|x64.Build.0 = Release|x64
		{C943F52D-3152-4BA7-BA86-96DD510568A2}.Release|x64.Deploy.0 = Release|x64
		{C943F52D-3152-4BA7-BA86-96DD510568A2}.Release|x86.ActiveCfg = Release|x86
		{C943F52D-3152-4BA7-BA86-96DD510568A2}.Release|x86.Build.0 = Release|x86
		{C943F52D-3152-4BA7-BA86-96DD510568A2}.Release|x86.Deploy.0 = Release|x86
	EndGlobalSection
	GlobalSection(SolutionProperties) = preSolution
		HideSolutionNode = FALSE
	EndGlobalSection
	GlobalSection(ExtensibilityGlobals) = postSolution
		SolutionGuid = {1CFF3435-6DA6-4DCA-A934-802851AAF6C8}
	EndGlobalSection
EndGlobal
