
Microsoft Visual Studio Solution File, Format Version 12.00
# Visual Studio Version 16
VisualStudioVersion = 16.0.30309.148
MinimumVisualStudioVersion = 10.0.40219.1
Project("{9A19103F-16F7-4668-BE54-9A1E7A4F7556}") = "OneForDotNet.Core", "OneForDotNet.Core\OneForDotNet.Core.csproj", "{82AD0169-2FEC-4B54-B96F-1E1AAAE51840}"
EndProject
Project("{9A19103F-16F7-4668-BE54-9A1E7A4F7556}") = "OneForDotNet.WebAPI", "OneForDotNet.WebAPI\OneForDotNet.WebAPI.csproj", "{CAE399C8-493E-4D19-B3B4-D4F90B8250D4}"
EndProject
Project("{9A19103F-16F7-4668-BE54-9A1E7A4F7556}") = "OneForDotNet.Blazor", "OneForDotNet.Blazor\OneForDotNet.Blazor.csproj", "{8C6CEA0D-65FB-4A5C-AAAC-90768931F499}"
EndProject
Project("{9A19103F-16F7-4668-BE54-9A1E7A4F7556}") = "OneForDotNet.Model", "OneForDotNet.Model\OneForDotNet.Model.csproj", "{6440ECD7-0029-41AF-B3F5-DF82873D7706}"
EndProject
Project("{9A19103F-16F7-4668-BE54-9A1E7A4F7556}") = "OneForDotNet.WPF", "OneForDotNet.WPF\OneForDotNet.WPF.csproj", "{53A79E10-EE74-474F-832C-00D81604C519}"
EndProject
Project("{FAE04EC0-301F-11D3-BF4B-00C04F79EFBC}") = "OneForDotNet.Xamarin.UWP", "OneForDotNet.Xamarin\OneForDotNet.Xamarin.UWP\OneForDotNet.Xamarin.UWP.csproj", "{27FFA384-38E8-49B6-BF65-F098A49FFF54}"
EndProject
Project("{FAE04EC0-301F-11D3-BF4B-00C04F79EFBC}") = "OneForDotNet.Xamarin.Android", "OneForDotNet.Xamarin\OneForDotNet.Xamarin.Android\OneForDotNet.Xamarin.Android.csproj", "{EDD11455-F473-4DC9-88F5-866B732914E5}"
EndProject
Project("{FAE04EC0-301F-11D3-BF4B-00C04F79EFBC}") = "OneForDotNet.Xamarin", "OneForDotNet.Xamarin\OneForDotNet.Xamarin\OneForDotNet.Xamarin.csproj", "{78E85EDC-61A6-47B2-B815-5DFA1A1439C9}"
EndProject
Global
	GlobalSection(SolutionConfigurationPlatforms) = preSolution
		Debug|Any CPU = Debug|Any CPU
		Debug|ARM = Debug|ARM
		Debug|iPhone = Debug|iPhone
		Debug|iPhoneSimulator = Debug|iPhoneSimulator
		Debug|x64 = Debug|x64
		Debug|x86 = Debug|x86
		Release|Any CPU = Release|Any CPU
		Release|ARM = Release|ARM
		Release|iPhone = Release|iPhone
		Release|iPhoneSimulator = Release|iPhoneSimulator
		Release|x64 = Release|x64
		Release|x86 = Release|x86
	EndGlobalSection
	GlobalSection(ProjectConfigurationPlatforms) = postSolution
		{82AD0169-2FEC-4B54-B96F-1E1AAAE51840}.Debug|Any CPU.ActiveCfg = Debug|Any CPU
		{82AD0169-2FEC-4B54-B96F-1E1AAAE51840}.Debug|Any CPU.Build.0 = Debug|Any CPU
		{82AD0169-2FEC-4B54-B96F-1E1AAAE51840}.Debug|ARM.ActiveCfg = Debug|Any CPU
		{82AD0169-2FEC-4B54-B96F-1E1AAAE51840}.Debug|ARM.Build.0 = Debug|Any CPU
		{82AD0169-2FEC-4B54-B96F-1E1AAAE51840}.Debug|iPhone.ActiveCfg = Debug|Any CPU
		{82AD0169-2FEC-4B54-B96F-1E1AAAE51840}.Debug|iPhone.Build.0 = Debug|Any CPU
		{82AD0169-2FEC-4B54-B96F-1E1AAAE51840}.Debug|iPhoneSimulator.ActiveCfg = Debug|Any CPU
		{82AD0169-2FEC-4B54-B96F-1E1AAAE51840}.Debug|iPhoneSimulator.Build.0 = Debug|Any CPU
		{82AD0169-2FEC-4B54-B96F-1E1AAAE51840}.Debug|x64.ActiveCfg = Debug|Any CPU
		{82AD0169-2FEC-4B54-B96F-1E1AAAE51840}.Debug|x64.Build.0 = Debug|Any CPU
		{82AD0169-2FEC-4B54-B96F-1E1AAAE51840}.Debug|x86.ActiveCfg = Debug|Any CPU
		{82AD0169-2FEC-4B54-B96F-1E1AAAE51840}.Debug|x86.Build.0 = Debug|Any CPU
		{82AD0169-2FEC-4B54-B96F-1E1AAAE51840}.Release|Any CPU.ActiveCfg = Release|Any CPU
		{82AD0169-2FEC-4B54-B96F-1E1AAAE51840}.Release|Any CPU.Build.0 = Release|Any CPU
		{82AD0169-2FEC-4B54-B96F-1E1AAAE51840}.Release|ARM.ActiveCfg = Release|Any CPU
		{82AD0169-2FEC-4B54-B96F-1E1AAAE51840}.Release|ARM.Build.0 = Release|Any CPU
		{82AD0169-2FEC-4B54-B96F-1E1AAAE51840}.Release|iPhone.ActiveCfg = Release|Any CPU
		{82AD0169-2FEC-4B54-B96F-1E1AAAE51840}.Release|iPhone.Build.0 = Release|Any CPU
		{82AD0169-2FEC-4B54-B96F-1E1AAAE51840}.Release|iPhoneSimulator.ActiveCfg = Release|Any CPU
		{82AD0169-2FEC-4B54-B96F-1E1AAAE51840}.Release|iPhoneSimulator.Build.0 = Release|Any CPU
		{82AD0169-2FEC-4B54-B96F-1E1AAAE51840}.Release|x64.ActiveCfg = Release|Any CPU
		{82AD0169-2FEC-4B54-B96F-1E1AAAE51840}.Release|x64.Build.0 = Release|Any CPU
		{82AD0169-2FEC-4B54-B96F-1E1AAAE51840}.Release|x86.ActiveCfg = Release|Any CPU
		{82AD0169-2FEC-4B54-B96F-1E1AAAE51840}.Release|x86.Build.0 = Release|Any CPU
		{CAE399C8-493E-4D19-B3B4-D4F90B8250D4}.Debug|Any CPU.ActiveCfg = Debug|Any CPU
		{CAE399C8-493E-4D19-B3B4-D4F90B8250D4}.Debug|Any CPU.Build.0 = Debug|Any CPU
		{CAE399C8-493E-4D19-B3B4-D4F90B8250D4}.Debug|ARM.ActiveCfg = Debug|Any CPU
		{CAE399C8-493E-4D19-B3B4-D4F90B8250D4}.Debug|ARM.Build.0 = Debug|Any CPU
		{CAE399C8-493E-4D19-B3B4-D4F90B8250D4}.Debug|iPhone.ActiveCfg = Debug|Any CPU
		{CAE399C8-493E-4D19-B3B4-D4F90B8250D4}.Debug|iPhone.Build.0 = Debug|Any CPU
		{CAE399C8-493E-4D19-B3B4-D4F90B8250D4}.Debug|iPhoneSimulator.ActiveCfg = Debug|Any CPU
		{CAE399C8-493E-4D19-B3B4-D4F90B8250D4}.Debug|iPhoneSimulator.Build.0 = Debug|Any CPU
		{CAE399C8-493E-4D19-B3B4-D4F90B8250D4}.Debug|x64.ActiveCfg = Debug|Any CPU
		{CAE399C8-493E-4D19-B3B4-D4F90B8250D4}.Debug|x64.Build.0 = Debug|Any CPU
		{CAE399C8-493E-4D19-B3B4-D4F90B8250D4}.Debug|x86.ActiveCfg = Debug|Any CPU
		{CAE399C8-493E-4D19-B3B4-D4F90B8250D4}.Debug|x86.Build.0 = Debug|Any CPU
		{CAE399C8-493E-4D19-B3B4-D4F90B8250D4}.Release|Any CPU.ActiveCfg = Release|Any CPU
		{CAE399C8-493E-4D19-B3B4-D4F90B8250D4}.Release|Any CPU.Build.0 = Release|Any CPU
		{CAE399C8-493E-4D19-B3B4-D4F90B8250D4}.Release|ARM.ActiveCfg = Release|Any CPU
		{CAE399C8-493E-4D19-B3B4-D4F90B8250D4}.Release|ARM.Build.0 = Release|Any CPU
		{CAE399C8-493E-4D19-B3B4-D4F90B8250D4}.Release|iPhone.ActiveCfg = Release|Any CPU
		{CAE399C8-493E-4D19-B3B4-D4F90B8250D4}.Release|iPhone.Build.0 = Release|Any CPU
		{CAE399C8-493E-4D19-B3B4-D4F90B8250D4}.Release|iPhoneSimulator.ActiveCfg = Release|Any CPU
		{CAE399C8-493E-4D19-B3B4-D4F90B8250D4}.Release|iPhoneSimulator.Build.0 = Release|Any CPU
		{CAE399C8-493E-4D19-B3B4-D4F90B8250D4}.Release|x64.ActiveCfg = Release|Any CPU
		{CAE399C8-493E-4D19-B3B4-D4F90B8250D4}.Release|x64.Build.0 = Release|Any CPU
		{CAE399C8-493E-4D19-B3B4-D4F90B8250D4}.Release|x86.ActiveCfg = Release|Any CPU
		{CAE399C8-493E-4D19-B3B4-D4F90B8250D4}.Release|x86.Build.0 = Release|Any CPU
		{8C6CEA0D-65FB-4A5C-AAAC-90768931F499}.Debug|Any CPU.ActiveCfg = Debug|Any CPU
		{8C6CEA0D-65FB-4A5C-AAAC-90768931F499}.Debug|Any CPU.Build.0 = Debug|Any CPU
		{8C6CEA0D-65FB-4A5C-AAAC-90768931F499}.Debug|ARM.ActiveCfg = Debug|Any CPU
		{8C6CEA0D-65FB-4A5C-AAAC-90768931F499}.Debug|ARM.Build.0 = Debug|Any CPU
		{8C6CEA0D-65FB-4A5C-AAAC-90768931F499}.Debug|iPhone.ActiveCfg = Debug|Any CPU
		{8C6CEA0D-65FB-4A5C-AAAC-90768931F499}.Debug|iPhone.Build.0 = Debug|Any CPU
		{8C6CEA0D-65FB-4A5C-AAAC-90768931F499}.Debug|iPhoneSimulator.ActiveCfg = Debug|Any CPU
		{8C6CEA0D-65FB-4A5C-AAAC-90768931F499}.Debug|iPhoneSimulator.Build.0 = Debug|Any CPU
		{8C6CEA0D-65FB-4A5C-AAAC-90768931F499}.Debug|x64.ActiveCfg = Debug|Any CPU
		{8C6CEA0D-65FB-4A5C-AAAC-90768931F499}.Debug|x64.Build.0 = Debug|Any CPU
		{8C6CEA0D-65FB-4A5C-AAAC-90768931F499}.Debug|x86.ActiveCfg = Debug|Any CPU
		{8C6CEA0D-65FB-4A5C-AAAC-90768931F499}.Debug|x86.Build.0 = Debug|Any CPU
		{8C6CEA0D-65FB-4A5C-AAAC-90768931F499}.Release|Any CPU.ActiveCfg = Release|Any CPU
		{8C6CEA0D-65FB-4A5C-AAAC-90768931F499}.Release|Any CPU.Build.0 = Release|Any CPU
		{8C6CEA0D-65FB-4A5C-AAAC-90768931F499}.Release|ARM.ActiveCfg = Release|Any CPU
		{8C6CEA0D-65FB-4A5C-AAAC-90768931F499}.Release|ARM.Build.0 = Release|Any CPU
		{8C6CEA0D-65FB-4A5C-AAAC-90768931F499}.Release|iPhone.ActiveCfg = Release|Any CPU
		{8C6CEA0D-65FB-4A5C-AAAC-90768931F499}.Release|iPhone.Build.0 = Release|Any CPU
		{8C6CEA0D-65FB-4A5C-AAAC-90768931F499}.Release|iPhoneSimulator.ActiveCfg = Release|Any CPU
		{8C6CEA0D-65FB-4A5C-AAAC-90768931F499}.Release|iPhoneSimulator.Build.0 = Release|Any CPU
		{8C6CEA0D-65FB-4A5C-AAAC-90768931F499}.Release|x64.ActiveCfg = Release|Any CPU
		{8C6CEA0D-65FB-4A5C-AAAC-90768931F499}.Release|x64.Build.0 = Release|Any CPU
		{8C6CEA0D-65FB-4A5C-AAAC-90768931F499}.Release|x86.ActiveCfg = Release|Any CPU
		{8C6CEA0D-65FB-4A5C-AAAC-90768931F499}.Release|x86.Build.0 = Release|Any CPU
		{6440ECD7-0029-41AF-B3F5-DF82873D7706}.Debug|Any CPU.ActiveCfg = Debug|Any CPU
		{6440ECD7-0029-41AF-B3F5-DF82873D7706}.Debug|Any CPU.Build.0 = Debug|Any CPU
		{6440ECD7-0029-41AF-B3F5-DF82873D7706}.Debug|ARM.ActiveCfg = Debug|Any CPU
		{6440ECD7-0029-41AF-B3F5-DF82873D7706}.Debug|ARM.Build.0 = Debug|Any CPU
		{6440ECD7-0029-41AF-B3F5-DF82873D7706}.Debug|iPhone.ActiveCfg = Debug|Any CPU
		{6440ECD7-0029-41AF-B3F5-DF82873D7706}.Debug|iPhone.Build.0 = Debug|Any CPU
		{6440ECD7-0029-41AF-B3F5-DF82873D7706}.Debug|iPhoneSimulator.ActiveCfg = Debug|Any CPU
		{6440ECD7-0029-41AF-B3F5-DF82873D7706}.Debug|iPhoneSimulator.Build.0 = Debug|Any CPU
		{6440ECD7-0029-41AF-B3F5-DF82873D7706}.Debug|x64.ActiveCfg = Debug|Any CPU
		{6440ECD7-0029-41AF-B3F5-DF82873D7706}.Debug|x64.Build.0 = Debug|Any CPU
		{6440ECD7-0029-41AF-B3F5-DF82873D7706}.Debug|x86.ActiveCfg = Debug|Any CPU
		{6440ECD7-0029-41AF-B3F5-DF82873D7706}.Debug|x86.Build.0 = Debug|Any CPU
		{6440ECD7-0029-41AF-B3F5-DF82873D7706}.Release|Any CPU.ActiveCfg = Release|Any CPU
		{6440ECD7-0029-41AF-B3F5-DF82873D7706}.Release|Any CPU.Build.0 = Release|Any CPU
		{6440ECD7-0029-41AF-B3F5-DF82873D7706}.Release|ARM.ActiveCfg = Release|Any CPU
		{6440ECD7-0029-41AF-B3F5-DF82873D7706}.Release|ARM.Build.0 = Release|Any CPU
		{6440ECD7-0029-41AF-B3F5-DF82873D7706}.Release|iPhone.ActiveCfg = Release|Any CPU
		{6440ECD7-0029-41AF-B3F5-DF82873D7706}.Release|iPhone.Build.0 = Release|Any CPU
		{6440ECD7-0029-41AF-B3F5-DF82873D7706}.Release|iPhoneSimulator.ActiveCfg = Release|Any CPU
		{6440ECD7-0029-41AF-B3F5-DF82873D7706}.Release|iPhoneSimulator.Build.0 = Release|Any CPU
		{6440ECD7-0029-41AF-B3F5-DF82873D7706}.Release|x64.ActiveCfg = Release|Any CPU
		{6440ECD7-0029-41AF-B3F5-DF82873D7706}.Release|x64.Build.0 = Release|Any CPU
		{6440ECD7-0029-41AF-B3F5-DF82873D7706}.Release|x86.ActiveCfg = Release|Any CPU
		{6440ECD7-0029-41AF-B3F5-DF82873D7706}.Release|x86.Build.0 = Release|Any CPU
		{53A79E10-EE74-474F-832C-00D81604C519}.Debug|Any CPU.ActiveCfg = Debug|Any CPU
		{53A79E10-EE74-474F-832C-00D81604C519}.Debug|Any CPU.Build.0 = Debug|Any CPU
		{53A79E10-EE74-474F-832C-00D81604C519}.Debug|ARM.ActiveCfg = Debug|Any CPU
		{53A79E10-EE74-474F-832C-00D81604C519}.Debug|ARM.Build.0 = Debug|Any CPU
		{53A79E10-EE74-474F-832C-00D81604C519}.Debug|iPhone.ActiveCfg = Debug|Any CPU
		{53A79E10-EE74-474F-832C-00D81604C519}.Debug|iPhone.Build.0 = Debug|Any CPU
		{53A79E10-EE74-474F-832C-00D81604C519}.Debug|iPhoneSimulator.ActiveCfg = Debug|Any CPU
		{53A79E10-EE74-474F-832C-00D81604C519}.Debug|iPhoneSimulator.Build.0 = Debug|Any CPU
		{53A79E10-EE74-474F-832C-00D81604C519}.Debug|x64.ActiveCfg = Debug|Any CPU
		{53A79E10-EE74-474F-832C-00D81604C519}.Debug|x64.Build.0 = Debug|Any CPU
		{53A79E10-EE74-474F-832C-00D81604C519}.Debug|x86.ActiveCfg = Debug|Any CPU
		{53A79E10-EE74-474F-832C-00D81604C519}.Debug|x86.Build.0 = Debug|Any CPU
		{53A79E10-EE74-474F-832C-00D81604C519}.Release|Any CPU.ActiveCfg = Release|Any CPU
		{53A79E10-EE74-474F-832C-00D81604C519}.Release|Any CPU.Build.0 = Release|Any CPU
		{53A79E10-EE74-474F-832C-00D81604C519}.Release|ARM.ActiveCfg = Release|Any CPU
		{53A79E10-EE74-474F-832C-00D81604C519}.Release|ARM.Build.0 = Release|Any CPU
		{53A79E10-EE74-474F-832C-00D81604C519}.Release|iPhone.ActiveCfg = Release|Any CPU
		{53A79E10-EE74-474F-832C-00D81604C519}.Release|iPhone.Build.0 = Release|Any CPU
		{53A79E10-EE74-474F-832C-00D81604C519}.Release|iPhoneSimulator.ActiveCfg = Release|Any CPU
		{53A79E10-EE74-474F-832C-00D81604C519}.Release|iPhoneSimulator.Build.0 = Release|Any CPU
		{53A79E10-EE74-474F-832C-00D81604C519}.Release|x64.ActiveCfg = Release|Any CPU
		{53A79E10-EE74-474F-832C-00D81604C519}.Release|x64.Build.0 = Release|Any CPU
		{53A79E10-EE74-474F-832C-00D81604C519}.Release|x86.ActiveCfg = Release|Any CPU
		{53A79E10-EE74-474F-832C-00D81604C519}.Release|x86.Build.0 = Release|Any CPU
		{27FFA384-38E8-49B6-BF65-F098A49FFF54}.Debug|Any CPU.ActiveCfg = Debug|x86
		{27FFA384-38E8-49B6-BF65-F098A49FFF54}.Debug|ARM.ActiveCfg = Debug|ARM
		{27FFA384-38E8-49B6-BF65-F098A49FFF54}.Debug|ARM.Build.0 = Debug|ARM
		{27FFA384-38E8-49B6-BF65-F098A49FFF54}.Debug|ARM.Deploy.0 = Debug|ARM
		{27FFA384-38E8-49B6-BF65-F098A49FFF54}.Debug|iPhone.ActiveCfg = Debug|x86
		{27FFA384-38E8-49B6-BF65-F098A49FFF54}.Debug|iPhoneSimulator.ActiveCfg = Debug|x86
		{27FFA384-38E8-49B6-BF65-F098A49FFF54}.Debug|x64.ActiveCfg = Debug|x64
		{27FFA384-38E8-49B6-BF65-F098A49FFF54}.Debug|x64.Build.0 = Debug|x64
		{27FFA384-38E8-49B6-BF65-F098A49FFF54}.Debug|x64.Deploy.0 = Debug|x64
		{27FFA384-38E8-49B6-BF65-F098A49FFF54}.Debug|x86.ActiveCfg = Debug|x86
		{27FFA384-38E8-49B6-BF65-F098A49FFF54}.Debug|x86.Build.0 = Debug|x86
		{27FFA384-38E8-49B6-BF65-F098A49FFF54}.Debug|x86.Deploy.0 = Debug|x86
		{27FFA384-38E8-49B6-BF65-F098A49FFF54}.Release|Any CPU.ActiveCfg = Release|x86
		{27FFA384-38E8-49B6-BF65-F098A49FFF54}.Release|ARM.ActiveCfg = Release|ARM
		{27FFA384-38E8-49B6-BF65-F098A49FFF54}.Release|ARM.Build.0 = Release|ARM
		{27FFA384-38E8-49B6-BF65-F098A49FFF54}.Release|ARM.Deploy.0 = Release|ARM
		{27FFA384-38E8-49B6-BF65-F098A49FFF54}.Release|iPhone.ActiveCfg = Release|x86
		{27FFA384-38E8-49B6-BF65-F098A49FFF54}.Release|iPhoneSimulator.ActiveCfg = Release|x86
		{27FFA384-38E8-49B6-BF65-F098A49FFF54}.Release|x64.ActiveCfg = Release|x64
		{27FFA384-38E8-49B6-BF65-F098A49FFF54}.Release|x64.Build.0 = Release|x64
		{27FFA384-38E8-49B6-BF65-F098A49FFF54}.Release|x64.Deploy.0 = Release|x64
		{27FFA384-38E8-49B6-BF65-F098A49FFF54}.Release|x86.ActiveCfg = Release|x86
		{27FFA384-38E8-49B6-BF65-F098A49FFF54}.Release|x86.Build.0 = Release|x86
		{27FFA384-38E8-49B6-BF65-F098A49FFF54}.Release|x86.Deploy.0 = Release|x86
		{EDD11455-F473-4DC9-88F5-866B732914E5}.Debug|Any CPU.ActiveCfg = Debug|Any CPU
		{EDD11455-F473-4DC9-88F5-866B732914E5}.Debug|Any CPU.Build.0 = Debug|Any CPU
		{EDD11455-F473-4DC9-88F5-866B732914E5}.Debug|Any CPU.Deploy.0 = Debug|Any CPU
		{EDD11455-F473-4DC9-88F5-866B732914E5}.Debug|ARM.ActiveCfg = Debug|Any CPU
		{EDD11455-F473-4DC9-88F5-866B732914E5}.Debug|ARM.Build.0 = Debug|Any CPU
		{EDD11455-F473-4DC9-88F5-866B732914E5}.Debug|ARM.Deploy.0 = Debug|Any CPU
		{EDD11455-F473-4DC9-88F5-866B732914E5}.Debug|iPhone.ActiveCfg = Debug|Any CPU
		{EDD11455-F473-4DC9-88F5-866B732914E5}.Debug|iPhone.Build.0 = Debug|Any CPU
		{EDD11455-F473-4DC9-88F5-866B732914E5}.Debug|iPhone.Deploy.0 = Debug|Any CPU
		{EDD11455-F473-4DC9-88F5-866B732914E5}.Debug|iPhoneSimulator.ActiveCfg = Debug|Any CPU
		{EDD11455-F473-4DC9-88F5-866B732914E5}.Debug|iPhoneSimulator.Build.0 = Debug|Any CPU
		{EDD11455-F473-4DC9-88F5-866B732914E5}.Debug|iPhoneSimulator.Deploy.0 = Debug|Any CPU
		{EDD11455-F473-4DC9-88F5-866B732914E5}.Debug|x64.ActiveCfg = Debug|Any CPU
		{EDD11455-F473-4DC9-88F5-866B732914E5}.Debug|x64.Build.0 = Debug|Any CPU
		{EDD11455-F473-4DC9-88F5-866B732914E5}.Debug|x64.Deploy.0 = Debug|Any CPU
		{EDD11455-F473-4DC9-88F5-866B732914E5}.Debug|x86.ActiveCfg = Debug|Any CPU
		{EDD11455-F473-4DC9-88F5-866B732914E5}.Debug|x86.Build.0 = Debug|Any CPU
		{EDD11455-F473-4DC9-88F5-866B732914E5}.Debug|x86.Deploy.0 = Debug|Any CPU
		{EDD11455-F473-4DC9-88F5-866B732914E5}.Release|Any CPU.ActiveCfg = Release|Any CPU
		{EDD11455-F473-4DC9-88F5-866B732914E5}.Release|Any CPU.Build.0 = Release|Any CPU
		{EDD11455-F473-4DC9-88F5-866B732914E5}.Release|Any CPU.Deploy.0 = Release|Any CPU
		{EDD11455-F473-4DC9-88F5-866B732914E5}.Release|ARM.ActiveCfg = Release|Any CPU
		{EDD11455-F473-4DC9-88F5-866B732914E5}.Release|ARM.Build.0 = Release|Any CPU
		{EDD11455-F473-4DC9-88F5-866B732914E5}.Release|ARM.Deploy.0 = Release|Any CPU
		{EDD11455-F473-4DC9-88F5-866B732914E5}.Release|iPhone.ActiveCfg = Release|Any CPU
		{EDD11455-F473-4DC9-88F5-866B732914E5}.Release|iPhone.Build.0 = Release|Any CPU
		{EDD11455-F473-4DC9-88F5-866B732914E5}.Release|iPhone.Deploy.0 = Release|Any CPU
		{EDD11455-F473-4DC9-88F5-866B732914E5}.Release|iPhoneSimulator.ActiveCfg = Release|Any CPU
		{EDD11455-F473-4DC9-88F5-866B732914E5}.Release|iPhoneSimulator.Build.0 = Release|Any CPU
		{EDD11455-F473-4DC9-88F5-866B732914E5}.Release|iPhoneSimulator.Deploy.0 = Release|Any CPU
		{EDD11455-F473-4DC9-88F5-866B732914E5}.Release|x64.ActiveCfg = Release|Any CPU
		{EDD11455-F473-4DC9-88F5-866B732914E5}.Release|x64.Build.0 = Release|Any CPU
		{EDD11455-F473-4DC9-88F5-866B732914E5}.Release|x64.Deploy.0 = Release|Any CPU
		{EDD11455-F473-4DC9-88F5-866B732914E5}.Release|x86.ActiveCfg = Release|Any CPU
		{EDD11455-F473-4DC9-88F5-866B732914E5}.Release|x86.Build.0 = Release|Any CPU
		{EDD11455-F473-4DC9-88F5-866B732914E5}.Release|x86.Deploy.0 = Release|Any CPU
		{78E85EDC-61A6-47B2-B815-5DFA1A1439C9}.Debug|Any CPU.ActiveCfg = Debug|Any CPU
		{78E85EDC-61A6-47B2-B815-5DFA1A1439C9}.Debug|Any CPU.Build.0 = Debug|Any CPU
		{78E85EDC-61A6-47B2-B815-5DFA1A1439C9}.Debug|ARM.ActiveCfg = Debug|Any CPU
		{78E85EDC-61A6-47B2-B815-5DFA1A1439C9}.Debug|ARM.Build.0 = Debug|Any CPU
		{78E85EDC-61A6-47B2-B815-5DFA1A1439C9}.Debug|iPhone.ActiveCfg = Debug|Any CPU
		{78E85EDC-61A6-47B2-B815-5DFA1A1439C9}.Debug|iPhone.Build.0 = Debug|Any CPU
		{78E85EDC-61A6-47B2-B815-5DFA1A1439C9}.Debug|iPhoneSimulator.ActiveCfg = Debug|Any CPU
		{78E85EDC-61A6-47B2-B815-5DFA1A1439C9}.Debug|iPhoneSimulator.Build.0 = Debug|Any CPU
		{78E85EDC-61A6-47B2-B815-5DFA1A1439C9}.Debug|x64.ActiveCfg = Debug|Any CPU
		{78E85EDC-61A6-47B2-B815-5DFA1A1439C9}.Debug|x64.Build.0 = Debug|Any CPU
		{78E85EDC-61A6-47B2-B815-5DFA1A1439C9}.Debug|x86.ActiveCfg = Debug|Any CPU
		{78E85EDC-61A6-47B2-B815-5DFA1A1439C9}.Debug|x86.Build.0 = Debug|Any CPU
		{78E85EDC-61A6-47B2-B815-5DFA1A1439C9}.Release|Any CPU.ActiveCfg = Release|Any CPU
		{78E85EDC-61A6-47B2-B815-5DFA1A1439C9}.Release|Any CPU.Build.0 = Release|Any CPU
		{78E85EDC-61A6-47B2-B815-5DFA1A1439C9}.Release|ARM.ActiveCfg = Release|Any CPU
		{78E85EDC-61A6-47B2-B815-5DFA1A1439C9}.Release|ARM.Build.0 = Release|Any CPU
		{78E85EDC-61A6-47B2-B815-5DFA1A1439C9}.Release|iPhone.ActiveCfg = Release|Any CPU
		{78E85EDC-61A6-47B2-B815-5DFA1A1439C9}.Release|iPhone.Build.0 = Release|Any CPU
		{78E85EDC-61A6-47B2-B815-5DFA1A1439C9}.Release|iPhoneSimulator.ActiveCfg = Release|Any CPU
		{78E85EDC-61A6-47B2-B815-5DFA1A1439C9}.Release|iPhoneSimulator.Build.0 = Release|Any CPU
		{78E85EDC-61A6-47B2-B815-5DFA1A1439C9}.Release|x64.ActiveCfg = Release|Any CPU
		{78E85EDC-61A6-47B2-B815-5DFA1A1439C9}.Release|x64.Build.0 = Release|Any CPU
		{78E85EDC-61A6-47B2-B815-5DFA1A1439C9}.Release|x86.ActiveCfg = Release|Any CPU
		{78E85EDC-61A6-47B2-B815-5DFA1A1439C9}.Release|x86.Build.0 = Release|Any CPU
	EndGlobalSection
	GlobalSection(SolutionProperties) = preSolution
		HideSolutionNode = FALSE
	EndGlobalSection
	GlobalSection(ExtensibilityGlobals) = postSolution
		SolutionGuid = {1CFF3435-6DA6-4DCA-A934-802851AAF6C8}
	EndGlobalSection
EndGlobal
